
Microsoft Visual Studio Solution File, Format Version 12.00
# Visual Studio 15
VisualStudioVersion = 15.0.28307.1525
MinimumVisualStudioVersion = 10.0.40219.1
Project("{8BC9CEB8-8B4A-11D0-8D11-00A0C91BC942}") = "ConsoleApplication1", "ConsoleApplication1\ConsoleApplication1.vcxproj", "{CD42988F-AAC1-4601-BBE8-602E6667CA62}"
EndProject
Global
	GlobalSection(SolutionConfigurationPlatforms) = preSolution
		Debug|x64 = Debug|x64
		Debug|x86 = Debug|x86
		Release|x64 = Release|x64
		Release|x86 = Release|x86
	EndGlobalSection
	GlobalSection(ProjectConfigurationPlatforms) = postSolution
		{CD42988F-AAC1-4601-BBE8-602E6667CA62}.Debug|x64.ActiveCfg = Debug|x64
		{CD42988F-AAC1-4601-BBE8-602E6667CA62}.Debug|x64.Build.0 = Debug|x64
		{CD42988F-AAC1-4601-BBE8-602E6667CA62}.Debug|x86.ActiveCfg = Debug|Win32
		{CD42988F-AAC1-4601-BBE8-602E6667CA62}.Debug|x86.Build.0 = Debug|Win32
		{CD42988F-AAC1-4601-BBE8-602E6667CA62}.Release|x64.ActiveCfg = Release|x64
		{CD42988F-AAC1-4601-BBE8-602E6667CA62}.Release|x64.Build.0 = Release|x64
		{CD42988F-AAC1-4601-BBE8-602E6667CA62}.Release|x86.ActiveCfg = Release|Win32
		{CD42988F-AAC1-4601-BBE8-602E6667CA62}.Release|x86.Build.0 = Release|Win32
	EndGlobalSection
	GlobalSection(SolutionProperties) = preSolution
		HideSolutionNode = FALSE
	EndGlobalSection
	GlobalSection(ExtensibilityGlobals) = postSolution
		SolutionGuid = {42A441E2-94D4-4475-B3E1-593B890ECC54}
	EndGlobalSection
EndGlobal
